
Microsoft Visual Studio Solution File, Format Version 12.00
# Visual Studio Version 16
VisualStudioVersion = 16.0.29306.81
MinimumVisualStudioVersion = 10.0.40219.1
Project("{FAE04EC0-301F-11D3-BF4B-00C04F79EFBC}") = "Lab6_2", "Lab6_2\Lab6_2.csproj", "{5E23F18E-32C6-482E-8B99-F55BB7609390}"
EndProject
Global
	GlobalSection(SolutionConfigurationPlatforms) = preSolution
		Debug|Any CPU = Debug|Any CPU
		Release|Any CPU = Release|Any CPU
	EndGlobalSection
	GlobalSection(ProjectConfigurationPlatforms) = postSolution
		{5E23F18E-32C6-482E-8B99-F55BB7609390}.Debug|Any CPU.ActiveCfg = Debug|Any CPU
		{5E23F18E-32C6-482E-8B99-F55BB7609390}.Debug|Any CPU.Build.0 = Debug|Any CPU
		{5E23F18E-32C6-482E-8B99-F55BB7609390}.Release|Any CPU.ActiveCfg = Release|Any CPU
		{5E23F18E-32C6-482E-8B99-F55BB7609390}.Release|Any CPU.Build.0 = Release|Any CPU
	EndGlobalSection
	GlobalSection(SolutionProperties) = preSolution
		HideSolutionNode = FALSE
	EndGlobalSection
	GlobalSection(ExtensibilityGlobals) = postSolution
		SolutionGuid = {2A34E276-4776-4F50-83D1-7A3D349C81F8}
	EndGlobalSection
EndGlobal
