
Microsoft Visual Studio Solution File, Format Version 12.00
# Visual Studio Version 16
VisualStudioVersion = 16.0.29306.81
MinimumVisualStudioVersion = 10.0.40219.1
Project("{FAE04EC0-301F-11D3-BF4B-00C04F79EFBC}") = "Lab5(2)", "Lab5(2)\Lab5(2).csproj", "{8012520E-8A4F-4B8F-9867-C4D2858EE794}"
EndProject
Global
	GlobalSection(SolutionConfigurationPlatforms) = preSolution
		Debug|Any CPU = Debug|Any CPU
		Release|Any CPU = Release|Any CPU
	EndGlobalSection
	GlobalSection(ProjectConfigurationPlatforms) = postSolution
		{8012520E-8A4F-4B8F-9867-C4D2858EE794}.Debug|Any CPU.ActiveCfg = Debug|Any CPU
		{8012520E-8A4F-4B8F-9867-C4D2858EE794}.Debug|Any CPU.Build.0 = Debug|Any CPU
		{8012520E-8A4F-4B8F-9867-C4D2858EE794}.Release|Any CPU.ActiveCfg = Release|Any CPU
		{8012520E-8A4F-4B8F-9867-C4D2858EE794}.Release|Any CPU.Build.0 = Release|Any CPU
	EndGlobalSection
	GlobalSection(SolutionProperties) = preSolution
		HideSolutionNode = FALSE
	EndGlobalSection
	GlobalSection(ExtensibilityGlobals) = postSolution
		SolutionGuid = {362CD0C4-FED5-45DD-869B-67799283EE4C}
	EndGlobalSection
EndGlobal
