
Microsoft Visual Studio Solution File, Format Version 12.00
# Visual Studio Version 16
VisualStudioVersion = 16.0.29509.3
MinimumVisualStudioVersion = 10.0.40219.1
Project("{FAE04EC0-301F-11D3-BF4B-00C04F79EFBC}") = "Lab9_2", "Lab9_2\Lab9_2.csproj", "{F7134B1C-5E63-4F1A-A63C-001EF16468CA}"
EndProject
Global
	GlobalSection(SolutionConfigurationPlatforms) = preSolution
		Debug|Any CPU = Debug|Any CPU
		Release|Any CPU = Release|Any CPU
	EndGlobalSection
	GlobalSection(ProjectConfigurationPlatforms) = postSolution
		{F7134B1C-5E63-4F1A-A63C-001EF16468CA}.Debug|Any CPU.ActiveCfg = Debug|Any CPU
		{F7134B1C-5E63-4F1A-A63C-001EF16468CA}.Debug|Any CPU.Build.0 = Debug|Any CPU
		{F7134B1C-5E63-4F1A-A63C-001EF16468CA}.Release|Any CPU.ActiveCfg = Release|Any CPU
		{F7134B1C-5E63-4F1A-A63C-001EF16468CA}.Release|Any CPU.Build.0 = Release|Any CPU
	EndGlobalSection
	GlobalSection(SolutionProperties) = preSolution
		HideSolutionNode = FALSE
	EndGlobalSection
	GlobalSection(ExtensibilityGlobals) = postSolution
		SolutionGuid = {14C20E56-C1A2-4A78-BCE4-9A99BCC773E7}
	EndGlobalSection
EndGlobal
